
Microsoft Visual Studio Solution File, Format Version 12.00
# Visual Studio 15
VisualStudioVersion = 15.0.27130.2036
MinimumVisualStudioVersion = 10.0.40219.1
Project("{FAE04EC0-301F-11D3-BF4B-00C04F79EFBC}") = "ViaroAPP", "ViaroAPP\ViaroAPP.csproj", "{70BC358A-25D5-404E-812A-D7F3E815E5BA}"
EndProject
Global
	GlobalSection(SolutionConfigurationPlatforms) = preSolution
		Debug|Any CPU = Debug|Any CPU
		Release|Any CPU = Release|Any CPU
	EndGlobalSection
	GlobalSection(ProjectConfigurationPlatforms) = postSolution
		{70BC358A-25D5-404E-812A-D7F3E815E5BA}.Debug|Any CPU.ActiveCfg = Debug|Any CPU
		{70BC358A-25D5-404E-812A-D7F3E815E5BA}.Debug|Any CPU.Build.0 = Debug|Any CPU
		{70BC358A-25D5-404E-812A-D7F3E815E5BA}.Release|Any CPU.ActiveCfg = Release|Any CPU
		{70BC358A-25D5-404E-812A-D7F3E815E5BA}.Release|Any CPU.Build.0 = Release|Any CPU
	EndGlobalSection
	GlobalSection(SolutionProperties) = preSolution
		HideSolutionNode = FALSE
	EndGlobalSection
	GlobalSection(ExtensibilityGlobals) = postSolution
		SolutionGuid = {80A754BC-C4A1-4203-A004-C47EC4E79B31}
	EndGlobalSection
EndGlobal
